
Microsoft Visual Studio Solution File, Format Version 12.00
# Visual Studio Version 17
VisualStudioVersion = 17.8.34322.80
MinimumVisualStudioVersion = 10.0.40219.1
Project("{FAE04EC0-301F-11D3-BF4B-00C04F79EFBC}") = "WebAPI", "WebAPI\WebAPI.csproj", "{5E0ECAE2-27CC-4BE7-888A-E75C737F2C5A}"
EndProject
Project("{FAE04EC0-301F-11D3-BF4B-00C04F79EFBC}") = "Entities", "Entities\Entities.csproj", "{60B0A1D4-E87D-443E-890D-6E041F4756FF}"
EndProject
Global
	GlobalSection(SolutionConfigurationPlatforms) = preSolution
		Debug|Any CPU = Debug|Any CPU
		Release|Any CPU = Release|Any CPU
	EndGlobalSection
	GlobalSection(ProjectConfigurationPlatforms) = postSolution
		{5E0ECAE2-27CC-4BE7-888A-E75C737F2C5A}.Debug|Any CPU.ActiveCfg = Debug|Any CPU
		{5E0ECAE2-27CC-4BE7-888A-E75C737F2C5A}.Debug|Any CPU.Build.0 = Debug|Any CPU
		{5E0ECAE2-27CC-4BE7-888A-E75C737F2C5A}.Release|Any CPU.ActiveCfg = Release|Any CPU
		{5E0ECAE2-27CC-4BE7-888A-E75C737F2C5A}.Release|Any CPU.Build.0 = Release|Any CPU
		{60B0A1D4-E87D-443E-890D-6E041F4756FF}.Debug|Any CPU.ActiveCfg = Debug|Any CPU
		{60B0A1D4-E87D-443E-890D-6E041F4756FF}.Debug|Any CPU.Build.0 = Debug|Any CPU
		{60B0A1D4-E87D-443E-890D-6E041F4756FF}.Release|Any CPU.ActiveCfg = Release|Any CPU
		{60B0A1D4-E87D-443E-890D-6E041F4756FF}.Release|Any CPU.Build.0 = Release|Any CPU
	EndGlobalSection
	GlobalSection(SolutionProperties) = preSolution
		HideSolutionNode = FALSE
	EndGlobalSection
	GlobalSection(ExtensibilityGlobals) = postSolution
		SolutionGuid = {1008518E-B00A-448A-A360-39F3842A15BE}
	EndGlobalSection
EndGlobal
